
Microsoft Visual Studio Solution File, Format Version 12.00
# Visual Studio Version 17
VisualStudioVersion = 17.14.36408.4 d17.14
MinimumVisualStudioVersion = 10.0.40219.1
Project("{FAE04EC0-301F-11D3-BF4B-00C04F79EFBC}") = "MyPortfolio", "MyPortfolio\MyPortfolio.csproj", "{AE34DC42-6F88-4A29-8ABE-D3FB1DADFF45}"
EndProject
Global
	GlobalSection(SolutionConfigurationPlatforms) = preSolution
		Debug|Any CPU = Debug|Any CPU
		Release|Any CPU = Release|Any CPU
	EndGlobalSection
	GlobalSection(ProjectConfigurationPlatforms) = postSolution
		{AE34DC42-6F88-4A29-8ABE-D3FB1DADFF45}.Debug|Any CPU.ActiveCfg = Debug|Any CPU
		{AE34DC42-6F88-4A29-8ABE-D3FB1DADFF45}.Debug|Any CPU.Build.0 = Debug|Any CPU
		{AE34DC42-6F88-4A29-8ABE-D3FB1DADFF45}.Release|Any CPU.ActiveCfg = Release|Any CPU
		{AE34DC42-6F88-4A29-8ABE-D3FB1DADFF45}.Release|Any CPU.Build.0 = Release|Any CPU
	EndGlobalSection
	GlobalSection(SolutionProperties) = preSolution
		HideSolutionNode = FALSE
	EndGlobalSection
	GlobalSection(ExtensibilityGlobals) = postSolution
		SolutionGuid = {8DDFBDFC-356F-4B4D-96F1-E05F0F9131E3}
	EndGlobalSection
EndGlobal
